
Microsoft Visual Studio Solution File, Format Version 12.00
# Visual Studio Version 16
VisualStudioVersion = 16.0.31112.23
MinimumVisualStudioVersion = 10.0.40219.1
Project("{FAE04EC0-301F-11D3-BF4B-00C04F79EFBC}") = "Películas", "Películas\Películas.csproj", "{420312B8-046E-4D86-815D-564E4B0D22F3}"
EndProject
Global
	GlobalSection(SolutionConfigurationPlatforms) = preSolution
		Debug|Any CPU = Debug|Any CPU
		Release|Any CPU = Release|Any CPU
	EndGlobalSection
	GlobalSection(ProjectConfigurationPlatforms) = postSolution
		{420312B8-046E-4D86-815D-564E4B0D22F3}.Debug|Any CPU.ActiveCfg = Debug|Any CPU
		{420312B8-046E-4D86-815D-564E4B0D22F3}.Debug|Any CPU.Build.0 = Debug|Any CPU
		{420312B8-046E-4D86-815D-564E4B0D22F3}.Release|Any CPU.ActiveCfg = Release|Any CPU
		{420312B8-046E-4D86-815D-564E4B0D22F3}.Release|Any CPU.Build.0 = Release|Any CPU
	EndGlobalSection
	GlobalSection(SolutionProperties) = preSolution
		HideSolutionNode = FALSE
	EndGlobalSection
	GlobalSection(ExtensibilityGlobals) = postSolution
		SolutionGuid = {AD720A88-678E-469D-8D05-16BE6730FA2C}
	EndGlobalSection
EndGlobal
